schema: '2.0'
stages:
  load_data:
    cmd: python src/load_data.py --config=params.yaml
    deps:
    - path: data_given/wine_quality.csv
      md5: 6a883fd98624e18c0b7ce251f4fab4fb
      size: 100951
    - path: src/get_data.py
      md5: 3cc8824a89e1b841bb4e1567b080510d
      size: 607
    - path: src/load_data.py
      md5: 06fa7120c81ccdd6c7e84e2481822683
      size: 587
    outs:
    - path: data/raw/wine_quality.csv
      md5: b81c95040ccc1f04820095a237ba3c61
      size: 95085
