schema: '2.0'
stages:
  load_data:
    cmd: python src/load_data.py --config=params.yaml
    deps:
    - path: data_given/wine_quality.csv
      md5: 6a883fd98624e18c0b7ce251f4fab4fb
      size: 100951
    - path: src/get_data.py
      md5: 3cc8824a89e1b841bb4e1567b080510d
      size: 607
    - path: src/load_data.py
      md5: 06fa7120c81ccdd6c7e84e2481822683
      size: 587
    outs:
    - path: data/raw/wine_quality.csv
      md5: b81c95040ccc1f04820095a237ba3c61
      size: 95085
  split_data:
    cmd: python src/split_data.py --config=params.yaml
    deps:
    - path: data/raw/wine_quality.csv
      md5: b81c95040ccc1f04820095a237ba3c61
      size: 95085
    - path: src/split_data.py
      md5: eb6b36e066e4ad7cffa6953855c4246e
      size: 1004
    outs:
    - path: data/processed/test_wine_quality.csv
      md5: 420389d6fcceeb7da1311c6b14af875f
      size: 19157
    - path: data/processed/train_wine_quality.csv
      md5: eb194c439f11a763691ae2f66e305d74
      size: 76075
  train_and_evaluate:
    cmd: python src/train_and_evaluate.py --config=params.yaml
    deps:
    - path: data/processed/test_wine_quality.csv
      md5: 420389d6fcceeb7da1311c6b14af875f
      size: 19157
    - path: data/processed/train_wine_quality.csv
      md5: eb194c439f11a763691ae2f66e305d74
      size: 76075
    - path: src/train_and_evaluate.py
      md5: a9a3c0f09ce6715ed678688c1ecdbfb3
      size: 2494
    params:
      params.yaml:
        estimators.ElasticNet.params.alpha: 0.9
        estimators.ElasticNet.params.l1_ratio: 0.5
    outs:
    - path: reports/params.json
      md5: 1f52a26b1df0e1781b79d26c635b2515
      size: 44
    - path: reports/scores.json
      md5: 0e79728de81d385bcd73beea938070fa
      size: 101
    - path: saved_models/model.joblib
      md5: 2a3b30f04b249647e13c2860c20afec0
      size: 1198
